
Microsoft Visual Studio Solution File, Format Version 12.00
# Visual Studio Version 17
VisualStudioVersion = 17.13.35919.96 d17.13
MinimumVisualStudioVersion = 10.0.40219.1
Project("{FAE04EC0-301F-11D3-BF4B-00C04F79EFBC}") = "ecommerce-store-net8", "ecommerce-store-net8\ecommerce-store-net8.csproj", "{F978B796-5630-4F98-8152-4B5F819633FE}"
EndProject
Global
	GlobalSection(SolutionConfigurationPlatforms) = preSolution
		Debug|Any CPU = Debug|Any CPU
		Release|Any CPU = Release|Any CPU
	EndGlobalSection
	GlobalSection(ProjectConfigurationPlatforms) = postSolution
		{F978B796-5630-4F98-8152-4B5F819633FE}.Debug|Any CPU.ActiveCfg = Debug|Any CPU
		{F978B796-5630-4F98-8152-4B5F819633FE}.Debug|Any CPU.Build.0 = Debug|Any CPU
		{F978B796-5630-4F98-8152-4B5F819633FE}.Release|Any CPU.ActiveCfg = Release|Any CPU
		{F978B796-5630-4F98-8152-4B5F819633FE}.Release|Any CPU.Build.0 = Release|Any CPU
	EndGlobalSection
	GlobalSection(SolutionProperties) = preSolution
		HideSolutionNode = FALSE
	EndGlobalSection
	GlobalSection(ExtensibilityGlobals) = postSolution
		SolutionGuid = {A326F10D-65C3-4101-BBBD-CA921881E071}
	EndGlobalSection
EndGlobal
